
Microsoft Visual Studio Solution File, Format Version 12.00
# Visual Studio Version 17
VisualStudioVersion = 17.13.35919.96 d17.13
MinimumVisualStudioVersion = 10.0.40219.1
Project("{FAE04EC0-301F-11D3-BF4B-00C04F79EFBC}") = "TopTrumpsProject-s00240648", "TopTrumpsProject-s00240648.csproj", "{06940C59-A658-4573-908C-B4B5CCB9F265}"
EndProject
Global
	GlobalSection(SolutionConfigurationPlatforms) = preSolution
		Debug|Any CPU = Debug|Any CPU
		Release|Any CPU = Release|Any CPU
	EndGlobalSection
	GlobalSection(ProjectConfigurationPlatforms) = postSolution
		{06940C59-A658-4573-908C-B4B5CCB9F265}.Debug|Any CPU.ActiveCfg = Debug|Any CPU
		{06940C59-A658-4573-908C-B4B5CCB9F265}.Debug|Any CPU.Build.0 = Debug|Any CPU
		{06940C59-A658-4573-908C-B4B5CCB9F265}.Release|Any CPU.ActiveCfg = Release|Any CPU
		{06940C59-A658-4573-908C-B4B5CCB9F265}.Release|Any CPU.Build.0 = Release|Any CPU
	EndGlobalSection
	GlobalSection(SolutionProperties) = preSolution
		HideSolutionNode = FALSE
	EndGlobalSection
	GlobalSection(ExtensibilityGlobals) = postSolution
		SolutionGuid = {9319F942-C72C-474B-867E-103959939316}
	EndGlobalSection
EndGlobal
